
Microsoft Visual Studio Solution File, Format Version 12.00
# Visual Studio Version 17
VisualStudioVersion = 17.5.002.0
MinimumVisualStudioVersion = 10.0.40219.1
Project("{9A19103F-16F7-4668-BE54-9A1E7A4F7556}") = "PaymentManager", "app.csproj", "{29982CAA-2B32-4A49-9043-77D2059F418D}"
EndProject
Global
	GlobalSection(SolutionConfigurationPlatforms) = preSolution
		Debug|Any CPU = Debug|Any CPU
		Release|Any CPU = Release|Any CPU
	EndGlobalSection
	GlobalSection(ProjectConfigurationPlatforms) = postSolution
		{29982CAA-2B32-4A49-9043-77D2059F418D}.Debug|Any CPU.ActiveCfg = Debug|Any CPU
		{29982CAA-2B32-4A49-9043-77D2059F418D}.Debug|Any CPU.Build.0 = Debug|Any CPU
		{29982CAA-2B32-4A49-9043-77D2059F418D}.Release|Any CPU.ActiveCfg = Release|Any CPU
		{29982CAA-2B32-4A49-9043-77D2059F418D}.Release|Any CPU.Build.0 = Release|Any CPU
	EndGlobalSection
	GlobalSection(SolutionProperties) = preSolution
		HideSolutionNode = FALSE
	EndGlobalSection
	GlobalSection(ExtensibilityGlobals) = postSolution
		SolutionGuid = {82CD6C04-1A39-41AF-B308-1C3F4C3B2B23}
	EndGlobalSection
EndGlobal
